
Microsoft Visual Studio Solution File, Format Version 12.00
# Visual Studio Version 16
VisualStudioVersion = 16.0.30611.23
MinimumVisualStudioVersion = 10.0.40219.1
Project("{FAE04EC0-301F-11D3-BF4B-00C04F79EFBC}") = "dotNet5781_02_6715_5227", "dotNet5781_02_6715_5227\dotNet5781_02_6715_5227.csproj", "{3A914CF6-8F78-4DB3-BFD6-ACD6A7164DBA}"
EndProject
Project("{FAE04EC0-301F-11D3-BF4B-00C04F79EFBC}") = "dotNet5781_03A_6715_5227", "dotNet5781_03A_6715_5227\dotNet5781_03A_6715_5227.csproj", "{C9EF127F-99E6-4A7A-9FE5-606E5B4316D0}"
EndProject
Project("{FAE04EC0-301F-11D3-BF4B-00C04F79EFBC}") = "dotNet5781_03B_6715_5227", "dotNet5781_03B_6715_5227\dotNet5781_03B_6715_5227.csproj", "{6BF67F2D-E498-470C-BBF2-B05D2B154FC0}"
EndProject
Project("{FAE04EC0-301F-11D3-BF4B-00C04F79EFBC}") = "dotNet5781_01_6715", "dotNet5781_01_6715\dotNet5781_01_6715.csproj", "{FDB82706-DCAE-42F1-9584-293E3D55FB43}"
EndProject
Project("{FAE04EC0-301F-11D3-BF4B-00C04F79EFBC}") = "APIDL", "APIDL\APIDL.csproj", "{1EDA3FBC-DC8D-404E-BC85-5C8F1416DE67}"
EndProject
Project("{FAE04EC0-301F-11D3-BF4B-00C04F79EFBC}") = "BL", "BL\BL.csproj", "{ED01269B-2766-48DE-93FF-09797248E287}"
EndProject
Project("{FAE04EC0-301F-11D3-BF4B-00C04F79EFBC}") = "DalObject", "DalObject\DalObject.csproj", "{AC3FA960-FBFF-4E8A-8C86-D23A6C4653D5}"
EndProject
Project("{FAE04EC0-301F-11D3-BF4B-00C04F79EFBC}") = "DS", "DS\DS.csproj", "{0A7F3A5A-D0D4-4056-8AB3-4D7D9E34C444}"
EndProject
Project("{FAE04EC0-301F-11D3-BF4B-00C04F79EFBC}") = "UI", "ConsoleApp1\UI.csproj", "{BA59C749-434D-4C15-AE57-87799E5C212E}"
EndProject
Project("{FAE04EC0-301F-11D3-BF4B-00C04F79EFBC}") = "WPF_UI", "WPF_UI\WPF_UI.csproj", "{7BB3BA27-2928-48C7-A1E9-26E5C5022828}"
EndProject
Project("{FAE04EC0-301F-11D3-BF4B-00C04F79EFBC}") = "DalXML", "DalXML\DalXML.csproj", "{4A8A9B21-E2FB-4F67-836A-55246410EB57}"
EndProject
Project("{2150E333-8FDC-42A3-9474-1A3956D46DE8}") = "bin", "bin", "{28A4F24C-EBB7-4440-B948-B6B0A82DC019}"
	ProjectSection(SolutionItems) = preProject
		bin\xml\BusLineXml.xml = bin\xml\BusLineXml.xml
		bin\xml\BusStationXml.xml = bin\xml\BusStationXml.xml
		bin\config.xml = bin\config.xml
		bin\xml\FollowingStations.xml = bin\xml\FollowingStations.xml
		bin\xml\IdXml.xml = bin\xml\IdXml.xml
		bin\xml\LineStationXml.xml = bin\xml\LineStationXml.xml
		bin\xml\LineTripXml.xml = bin\xml\LineTripXml.xml
		UserXml.xml = UserXml.xml
	EndProjectSection
EndProject
Global
	GlobalSection(SolutionConfigurationPlatforms) = preSolution
		Debug|Any CPU = Debug|Any CPU
		Debug|x64 = Debug|x64
		Debug|x86 = Debug|x86
		Release|Any CPU = Release|Any CPU
		Release|x64 = Release|x64
		Release|x86 = Release|x86
	EndGlobalSection
	GlobalSection(ProjectConfigurationPlatforms) = postSolution
		{3A914CF6-8F78-4DB3-BFD6-ACD6A7164DBA}.Debug|Any CPU.ActiveCfg = Debug|Any CPU
		{3A914CF6-8F78-4DB3-BFD6-ACD6A7164DBA}.Debug|Any CPU.Build.0 = Debug|Any CPU
		{3A914CF6-8F78-4DB3-BFD6-ACD6A7164DBA}.Debug|x64.ActiveCfg = Debug|Any CPU
		{3A914CF6-8F78-4DB3-BFD6-ACD6A7164DBA}.Debug|x64.Build.0 = Debug|Any CPU
		{3A914CF6-8F78-4DB3-BFD6-ACD6A7164DBA}.Debug|x86.ActiveCfg = Debug|Any CPU
		{3A914CF6-8F78-4DB3-BFD6-ACD6A7164DBA}.Debug|x86.Build.0 = Debug|Any CPU
		{3A914CF6-8F78-4DB3-BFD6-ACD6A7164DBA}.Release|Any CPU.ActiveCfg = Release|Any CPU
		{3A914CF6-8F78-4DB3-BFD6-ACD6A7164DBA}.Release|Any CPU.Build.0 = Release|Any CPU
		{3A914CF6-8F78-4DB3-BFD6-ACD6A7164DBA}.Release|x64.ActiveCfg = Release|Any CPU
		{3A914CF6-8F78-4DB3-BFD6-ACD6A7164DBA}.Release|x64.Build.0 = Release|Any CPU
		{3A914CF6-8F78-4DB3-BFD6-ACD6A7164DBA}.Release|x86.ActiveCfg = Release|Any CPU
		{3A914CF6-8F78-4DB3-BFD6-ACD6A7164DBA}.Release|x86.Build.0 = Release|Any CPU
		{C9EF127F-99E6-4A7A-9FE5-606E5B4316D0}.Debug|Any CPU.ActiveCfg = Debug|Any CPU
		{C9EF127F-99E6-4A7A-9FE5-606E5B4316D0}.Debug|Any CPU.Build.0 = Debug|Any CPU
		{C9EF127F-99E6-4A7A-9FE5-606E5B4316D0}.Debug|x64.ActiveCfg = Debug|Any CPU
		{C9EF127F-99E6-4A7A-9FE5-606E5B4316D0}.Debug|x64.Build.0 = Debug|Any CPU
		{C9EF127F-99E6-4A7A-9FE5-606E5B4316D0}.Debug|x86.ActiveCfg = Debug|Any CPU
		{C9EF127F-99E6-4A7A-9FE5-606E5B4316D0}.Debug|x86.Build.0 = Debug|Any CPU
		{C9EF127F-99E6-4A7A-9FE5-606E5B4316D0}.Release|Any CPU.ActiveCfg = Release|Any CPU
		{C9EF127F-99E6-4A7A-9FE5-606E5B4316D0}.Release|Any CPU.Build.0 = Release|Any CPU
		{C9EF127F-99E6-4A7A-9FE5-606E5B4316D0}.Release|x64.ActiveCfg = Release|Any CPU
		{C9EF127F-99E6-4A7A-9FE5-606E5B4316D0}.Release|x64.Build.0 = Release|Any CPU
		{C9EF127F-99E6-4A7A-9FE5-606E5B4316D0}.Release|x86.ActiveCfg = Release|Any CPU
		{C9EF127F-99E6-4A7A-9FE5-606E5B4316D0}.Release|x86.Build.0 = Release|Any CPU
		{6BF67F2D-E498-470C-BBF2-B05D2B154FC0}.Debug|Any CPU.ActiveCfg = Debug|Any CPU
		{6BF67F2D-E498-470C-BBF2-B05D2B154FC0}.Debug|Any CPU.Build.0 = Debug|Any CPU
		{6BF67F2D-E498-470C-BBF2-B05D2B154FC0}.Debug|x64.ActiveCfg = Debug|Any CPU
		{6BF67F2D-E498-470C-BBF2-B05D2B154FC0}.Debug|x64.Build.0 = Debug|Any CPU
		{6BF67F2D-E498-470C-BBF2-B05D2B154FC0}.Debug|x86.ActiveCfg = Debug|Any CPU
		{6BF67F2D-E498-470C-BBF2-B05D2B154FC0}.Debug|x86.Build.0 = Debug|Any CPU
		{6BF67F2D-E498-470C-BBF2-B05D2B154FC0}.Release|Any CPU.ActiveCfg = Release|Any CPU
		{6BF67F2D-E498-470C-BBF2-B05D2B154FC0}.Release|Any CPU.Build.0 = Release|Any CPU
		{6BF67F2D-E498-470C-BBF2-B05D2B154FC0}.Release|x64.ActiveCfg = Release|Any CPU
		{6BF67F2D-E498-470C-BBF2-B05D2B154FC0}.Release|x64.Build.0 = Release|Any CPU
		{6BF67F2D-E498-470C-BBF2-B05D2B154FC0}.Release|x86.ActiveCfg = Release|Any CPU
		{6BF67F2D-E498-470C-BBF2-B05D2B154FC0}.Release|x86.Build.0 = Release|Any CPU
		{FDB82706-DCAE-42F1-9584-293E3D55FB43}.Debug|Any CPU.ActiveCfg = Debug|Any CPU
		{FDB82706-DCAE-42F1-9584-293E3D55FB43}.Debug|Any CPU.Build.0 = Debug|Any CPU
		{FDB82706-DCAE-42F1-9584-293E3D55FB43}.Debug|x64.ActiveCfg = Debug|Any CPU
		{FDB82706-DCAE-42F1-9584-293E3D55FB43}.Debug|x64.Build.0 = Debug|Any CPU
		{FDB82706-DCAE-42F1-9584-293E3D55FB43}.Debug|x86.ActiveCfg = Debug|Any CPU
		{FDB82706-DCAE-42F1-9584-293E3D55FB43}.Debug|x86.Build.0 = Debug|Any CPU
		{FDB82706-DCAE-42F1-9584-293E3D55FB43}.Release|Any CPU.ActiveCfg = Release|Any CPU
		{FDB82706-DCAE-42F1-9584-293E3D55FB43}.Release|Any CPU.Build.0 = Release|Any CPU
		{FDB82706-DCAE-42F1-9584-293E3D55FB43}.Release|x64.ActiveCfg = Release|Any CPU
		{FDB82706-DCAE-42F1-9584-293E3D55FB43}.Release|x64.Build.0 = Release|Any CPU
		{FDB82706-DCAE-42F1-9584-293E3D55FB43}.Release|x86.ActiveCfg = Release|Any CPU
		{FDB82706-DCAE-42F1-9584-293E3D55FB43}.Release|x86.Build.0 = Release|Any CPU
		{1EDA3FBC-DC8D-404E-BC85-5C8F1416DE67}.Debug|Any CPU.ActiveCfg = Debug|Any CPU
		{1EDA3FBC-DC8D-404E-BC85-5C8F1416DE67}.Debug|Any CPU.Build.0 = Debug|Any CPU
		{1EDA3FBC-DC8D-404E-BC85-5C8F1416DE67}.Debug|x64.ActiveCfg = Debug|Any CPU
		{1EDA3FBC-DC8D-404E-BC85-5C8F1416DE67}.Debug|x64.Build.0 = Debug|Any CPU
		{1EDA3FBC-DC8D-404E-BC85-5C8F1416DE67}.Debug|x86.ActiveCfg = Debug|Any CPU
		{1EDA3FBC-DC8D-404E-BC85-5C8F1416DE67}.Debug|x86.Build.0 = Debug|Any CPU
		{1EDA3FBC-DC8D-404E-BC85-5C8F1416DE67}.Release|Any CPU.ActiveCfg = Release|Any CPU
		{1EDA3FBC-DC8D-404E-BC85-5C8F1416DE67}.Release|Any CPU.Build.0 = Release|Any CPU
		{1EDA3FBC-DC8D-404E-BC85-5C8F1416DE67}.Release|x64.ActiveCfg = Release|Any CPU
		{1EDA3FBC-DC8D-404E-BC85-5C8F1416DE67}.Release|x64.Build.0 = Release|Any CPU
		{1EDA3FBC-DC8D-404E-BC85-5C8F1416DE67}.Release|x86.ActiveCfg = Release|Any CPU
		{1EDA3FBC-DC8D-404E-BC85-5C8F1416DE67}.Release|x86.Build.0 = Release|Any CPU
		{ED01269B-2766-48DE-93FF-09797248E287}.Debug|Any CPU.ActiveCfg = Debug|Any CPU
		{ED01269B-2766-48DE-93FF-09797248E287}.Debug|Any CPU.Build.0 = Debug|Any CPU
		{ED01269B-2766-48DE-93FF-09797248E287}.Debug|x64.ActiveCfg = Debug|Any CPU
		{ED01269B-2766-48DE-93FF-09797248E287}.Debug|x64.Build.0 = Debug|Any CPU
		{ED01269B-2766-48DE-93FF-09797248E287}.Debug|x86.ActiveCfg = Debug|Any CPU
		{ED01269B-2766-48DE-93FF-09797248E287}.Debug|x86.Build.0 = Debug|Any CPU
		{ED01269B-2766-48DE-93FF-09797248E287}.Release|Any CPU.ActiveCfg = Release|Any CPU
		{ED01269B-2766-48DE-93FF-09797248E287}.Release|Any CPU.Build.0 = Release|Any CPU
		{ED01269B-2766-48DE-93FF-09797248E287}.Release|x64.ActiveCfg = Release|Any CPU
		{ED01269B-2766-48DE-93FF-09797248E287}.Release|x64.Build.0 = Release|Any CPU
		{ED01269B-2766-48DE-93FF-09797248E287}.Release|x86.ActiveCfg = Release|Any CPU
		{ED01269B-2766-48DE-93FF-09797248E287}.Release|x86.Build.0 = Release|Any CPU
		{AC3FA960-FBFF-4E8A-8C86-D23A6C4653D5}.Debug|Any CPU.ActiveCfg = Debug|Any CPU
		{AC3FA960-FBFF-4E8A-8C86-D23A6C4653D5}.Debug|Any CPU.Build.0 = Debug|Any CPU
		{AC3FA960-FBFF-4E8A-8C86-D23A6C4653D5}.Debug|x64.ActiveCfg = Debug|Any CPU
		{AC3FA960-FBFF-4E8A-8C86-D23A6C4653D5}.Debug|x64.Build.0 = Debug|Any CPU
		{AC3FA960-FBFF-4E8A-8C86-D23A6C4653D5}.Debug|x86.ActiveCfg = Debug|Any CPU
		{AC3FA960-FBFF-4E8A-8C86-D23A6C4653D5}.Debug|x86.Build.0 = Debug|Any CPU
		{AC3FA960-FBFF-4E8A-8C86-D23A6C4653D5}.Release|Any CPU.ActiveCfg = Release|Any CPU
		{AC3FA960-FBFF-4E8A-8C86-D23A6C4653D5}.Release|Any CPU.Build.0 = Release|Any CPU
		{AC3FA960-FBFF-4E8A-8C86-D23A6C4653D5}.Release|x64.ActiveCfg = Release|Any CPU
		{AC3FA960-FBFF-4E8A-8C86-D23A6C4653D5}.Release|x64.Build.0 = Release|Any CPU
		{AC3FA960-FBFF-4E8A-8C86-D23A6C4653D5}.Release|x86.ActiveCfg = Release|Any CPU
		{AC3FA960-FBFF-4E8A-8C86-D23A6C4653D5}.Release|x86.Build.0 = Release|Any CPU
		{0A7F3A5A-D0D4-4056-8AB3-4D7D9E34C444}.Debug|Any CPU.ActiveCfg = Debug|Any CPU
		{0A7F3A5A-D0D4-4056-8AB3-4D7D9E34C444}.Debug|Any CPU.Build.0 = Debug|Any CPU
		{0A7F3A5A-D0D4-4056-8AB3-4D7D9E34C444}.Debug|x64.ActiveCfg = Debug|Any CPU
		{0A7F3A5A-D0D4-4056-8AB3-4D7D9E34C444}.Debug|x64.Build.0 = Debug|Any CPU
		{0A7F3A5A-D0D4-4056-8AB3-4D7D9E34C444}.Debug|x86.ActiveCfg = Debug|Any CPU
		{0A7F3A5A-D0D4-4056-8AB3-4D7D9E34C444}.Debug|x86.Build.0 = Debug|Any CPU
		{0A7F3A5A-D0D4-4056-8AB3-4D7D9E34C444}.Release|Any CPU.ActiveCfg = Release|Any CPU
		{0A7F3A5A-D0D4-4056-8AB3-4D7D9E34C444}.Release|Any CPU.Build.0 = Release|Any CPU
		{0A7F3A5A-D0D4-4056-8AB3-4D7D9E34C444}.Release|x64.ActiveCfg = Release|Any CPU
		{0A7F3A5A-D0D4-4056-8AB3-4D7D9E34C444}.Release|x64.Build.0 = Release|Any CPU
		{0A7F3A5A-D0D4-4056-8AB3-4D7D9E34C444}.Release|x86.ActiveCfg = Release|Any CPU
		{0A7F3A5A-D0D4-4056-8AB3-4D7D9E34C444}.Release|x86.Build.0 = Release|Any CPU
		{BA59C749-434D-4C15-AE57-87799E5C212E}.Debug|Any CPU.ActiveCfg = Debug|Any CPU
		{BA59C749-434D-4C15-AE57-87799E5C212E}.Debug|Any CPU.Build.0 = Debug|Any CPU
		{BA59C749-434D-4C15-AE57-87799E5C212E}.Debug|x64.ActiveCfg = Debug|Any CPU
		{BA59C749-434D-4C15-AE57-87799E5C212E}.Debug|x64.Build.0 = Debug|Any CPU
		{BA59C749-434D-4C15-AE57-87799E5C212E}.Debug|x86.ActiveCfg = Debug|Any CPU
		{BA59C749-434D-4C15-AE57-87799E5C212E}.Debug|x86.Build.0 = Debug|Any CPU
		{BA59C749-434D-4C15-AE57-87799E5C212E}.Release|Any CPU.ActiveCfg = Release|Any CPU
		{BA59C749-434D-4C15-AE57-87799E5C212E}.Release|Any CPU.Build.0 = Release|Any CPU
		{BA59C749-434D-4C15-AE57-87799E5C212E}.Release|x64.ActiveCfg = Release|Any CPU
		{BA59C749-434D-4C15-AE57-87799E5C212E}.Release|x64.Build.0 = Release|Any CPU
		{BA59C749-434D-4C15-AE57-87799E5C212E}.Release|x86.ActiveCfg = Release|Any CPU
		{BA59C749-434D-4C15-AE57-87799E5C212E}.Release|x86.Build.0 = Release|Any CPU
		{7BB3BA27-2928-48C7-A1E9-26E5C5022828}.Debug|Any CPU.ActiveCfg = Debug|Any CPU
		{7BB3BA27-2928-48C7-A1E9-26E5C5022828}.Debug|Any CPU.Build.0 = Debug|Any CPU
		{7BB3BA27-2928-48C7-A1E9-26E5C5022828}.Debug|x64.ActiveCfg = Debug|Any CPU
		{7BB3BA27-2928-48C7-A1E9-26E5C5022828}.Debug|x64.Build.0 = Debug|Any CPU
		{7BB3BA27-2928-48C7-A1E9-26E5C5022828}.Debug|x86.ActiveCfg = Debug|Any CPU
		{7BB3BA27-2928-48C7-A1E9-26E5C5022828}.Debug|x86.Build.0 = Debug|Any CPU
		{7BB3BA27-2928-48C7-A1E9-26E5C5022828}.Release|Any CPU.ActiveCfg = Release|Any CPU
		{7BB3BA27-2928-48C7-A1E9-26E5C5022828}.Release|Any CPU.Build.0 = Release|Any CPU
		{7BB3BA27-2928-48C7-A1E9-26E5C5022828}.Release|x64.ActiveCfg = Release|Any CPU
		{7BB3BA27-2928-48C7-A1E9-26E5C5022828}.Release|x64.Build.0 = Release|Any CPU
		{7BB3BA27-2928-48C7-A1E9-26E5C5022828}.Release|x86.ActiveCfg = Release|Any CPU
		{7BB3BA27-2928-48C7-A1E9-26E5C5022828}.Release|x86.Build.0 = Release|Any CPU
		{4A8A9B21-E2FB-4F67-836A-55246410EB57}.Debug|Any CPU.ActiveCfg = Debug|Any CPU
		{4A8A9B21-E2FB-4F67-836A-55246410EB57}.Debug|Any CPU.Build.0 = Debug|Any CPU
		{4A8A9B21-E2FB-4F67-836A-55246410EB57}.Debug|x64.ActiveCfg = Debug|Any CPU
		{4A8A9B21-E2FB-4F67-836A-55246410EB57}.Debug|x64.Build.0 = Debug|Any CPU
		{4A8A9B21-E2FB-4F67-836A-55246410EB57}.Debug|x86.ActiveCfg = Debug|Any CPU
		{4A8A9B21-E2FB-4F67-836A-55246410EB57}.Debug|x86.Build.0 = Debug|Any CPU
		{4A8A9B21-E2FB-4F67-836A-55246410EB57}.Release|Any CPU.ActiveCfg = Release|Any CPU
		{4A8A9B21-E2FB-4F67-836A-55246410EB57}.Release|Any CPU.Build.0 = Release|Any CPU
		{4A8A9B21-E2FB-4F67-836A-55246410EB57}.Release|x64.ActiveCfg = Release|Any CPU
		{4A8A9B21-E2FB-4F67-836A-55246410EB57}.Release|x64.Build.0 = Release|Any CPU
		{4A8A9B21-E2FB-4F67-836A-55246410EB57}.Release|x86.ActiveCfg = Release|Any CPU
		{4A8A9B21-E2FB-4F67-836A-55246410EB57}.Release|x86.Build.0 = Release|Any CPU
	EndGlobalSection
	GlobalSection(SolutionProperties) = preSolution
		HideSolutionNode = FALSE
	EndGlobalSection
	GlobalSection(ExtensibilityGlobals) = postSolution
		SolutionGuid = {02B66D9B-FF52-411B-86EA-63A58DDCFE85}
	EndGlobalSection
EndGlobal
