
Microsoft Visual Studio Solution File, Format Version 12.00
# Visual Studio Version 16
VisualStudioVersion = 16.0.30611.23
MinimumVisualStudioVersion = 10.0.40219.1
Project("{FAE04EC0-301F-11D3-BF4B-00C04F79EFBC}") = "dotNet5781_02_6715_5227", "dotNet5781_02_6715_5227\dotNet5781_02_6715_5227.csproj", "{3A914CF6-8F78-4DB3-BFD6-ACD6A7164DBA}"
EndProject
Global
	GlobalSection(SolutionConfigurationPlatforms) = preSolution
		Debug|Any CPU = Debug|Any CPU
		Release|Any CPU = Release|Any CPU
	EndGlobalSection
	GlobalSection(ProjectConfigurationPlatforms) = postSolution
		{3A914CF6-8F78-4DB3-BFD6-ACD6A7164DBA}.Debug|Any CPU.ActiveCfg = Debug|Any CPU
		{3A914CF6-8F78-4DB3-BFD6-ACD6A7164DBA}.Debug|Any CPU.Build.0 = Debug|Any CPU
		{3A914CF6-8F78-4DB3-BFD6-ACD6A7164DBA}.Release|Any CPU.ActiveCfg = Release|Any CPU
		{3A914CF6-8F78-4DB3-BFD6-ACD6A7164DBA}.Release|Any CPU.Build.0 = Release|Any CPU
	EndGlobalSection
	GlobalSection(SolutionProperties) = preSolution
		HideSolutionNode = FALSE
	EndGlobalSection
	GlobalSection(ExtensibilityGlobals) = postSolution
		SolutionGuid = {02B66D9B-FF52-411B-86EA-63A58DDCFE85}
	EndGlobalSection
EndGlobal
